
Microsoft Visual Studio Solution File, Format Version 12.00
# Visual Studio Version 17
VisualStudioVersion = 17.4.33213.308
MinimumVisualStudioVersion = 10.0.40219.1
Project("{FAE04EC0-301F-11D3-BF4B-00C04F79EFBC}") = "Vigade otsing", "Vigade otsing\Vigade otsing.csproj", "{DB9FEA7A-38BB-4C73-A680-FB5BC92DBB78}"
EndProject
Global
	GlobalSection(SolutionConfigurationPlatforms) = preSolution
		Debug|Any CPU = Debug|Any CPU
		Release|Any CPU = Release|Any CPU
	EndGlobalSection
	GlobalSection(ProjectConfigurationPlatforms) = postSolution
		{DB9FEA7A-38BB-4C73-A680-FB5BC92DBB78}.Debug|Any CPU.ActiveCfg = Debug|Any CPU
		{DB9FEA7A-38BB-4C73-A680-FB5BC92DBB78}.Debug|Any CPU.Build.0 = Debug|Any CPU
		{DB9FEA7A-38BB-4C73-A680-FB5BC92DBB78}.Release|Any CPU.ActiveCfg = Release|Any CPU
		{DB9FEA7A-38BB-4C73-A680-FB5BC92DBB78}.Release|Any CPU.Build.0 = Release|Any CPU
	EndGlobalSection
	GlobalSection(SolutionProperties) = preSolution
		HideSolutionNode = FALSE
	EndGlobalSection
	GlobalSection(ExtensibilityGlobals) = postSolution
		SolutionGuid = {FEBF2D9E-148E-4350-8698-6F44DFC5B6AA}
	EndGlobalSection
EndGlobal
